PODS:
  - Flutter (1.0.0)
  - flutter_star_prnt (0.0.1):
    - Flutter

DEPENDENCIES:
  - Flutter (from `Flutter`)
  - flutter_star_prnt (from `.symlinks/plugins/flutter_star_prnt/ios`)

EXTERNAL SOURCES:
  Flutter:
    :path: Flutter
  flutter_star_prnt:
    :path: ".symlinks/plugins/flutter_star_prnt/ios"

SPEC CHECKSUMS:
  Flutter: e0871f40cf51350855a761d2e70bf5af5b9b5de7
  flutter_star_prnt: 375d545a8cdb8f7a0b4154d65b89b68f44356a5c

PODFILE CHECKSUM: 4e8f8b2be68aeea4c0d5beb6ff1e79fface1d048

COCOAPODS: 1.15.2
